{
  "name": "redaxo-bloecks-addon",
  "version": "1.0.0",
  "lockfileVersion": 3,
  "requires": true,
  "packages": {
    "": {
      "name": "redaxo-bloecks-addon",
      "version": "1.0.0",
      "license": "MIT",
      "dependencies": {
        "sortablejs": "^1.15.2"
      },
      "devDependencies": {}
    },
    "node_modules/sortablejs": {
      "version": "1.15.6",
      "resolved": "https://registry.npmjs.org/sortablejs/-/sortablejs-1.15.6.tgz",
      "integrity": "sha512-aNfiuwMEpfBM/CN6LY0ibyhxPfPbyFeBTYJKCvzkJ2GkUpazIt3H+QIPAMHwqQ7tMKaHz1Qj+rJJCqljnf4p3A==",
      "license": "MIT"
    }
  }
}
